
Microsoft Visual Studio Solution File, Format Version 12.00
# Visual Studio Version 17
VisualStudioVersion = 17.14.37516.0 d17.14
MinimumVisualStudioVersion = 10.0.40219.1
Project("{FAE04EC0-301F-11D3-BF4B-00C04F79EFBC}") = "CapaControlador_BtnEliminar", "CapaControlador_BtnEliminar\CapaControlador_BtnEliminar.csproj", "{A85088AB-227D-42DA-8AAB-1466436784EB}"
EndProject
Project("{FAE04EC0-301F-11D3-BF4B-00C04F79EFBC}") = "CapaModelo_BtnEliminar", "CapaModelo_BtnEliminar\CapaModelo_BtnEliminar.csproj", "{B002578A-1DBA-4EB9-848D-5A93E4A68A8D}"
EndProject
Project("{FAE04EC0-301F-11D3-BF4B-00C04F79EFBC}") = "CapaVista_BtnEliminar", "CapaVista_BtnEliminar\CapaVista_BtnEliminar.csproj", "{226E6F9B-DDCA-49AC-BB29-73DEBE7CC300}"
EndProject
Global
	GlobalSection(SolutionConfigurationPlatforms) = preSolution
		Debug|Any CPU = Debug|Any CPU
		Release|Any CPU = Release|Any CPU
	EndGlobalSection
	GlobalSection(ProjectConfigurationPlatforms) = postSolution
		{A85088AB-227D-42DA-8AAB-1466436784EB}.Debug|Any CPU.ActiveCfg = Debug|Any CPU
		{A85088AB-227D-42DA-8AAB-1466436784EB}.Debug|Any CPU.Build.0 = Debug|Any CPU
		{A85088AB-227D-42DA-8AAB-1466436784EB}.Release|Any CPU.ActiveCfg = Release|Any CPU
		{A85088AB-227D-42DA-8AAB-1466436784EB}.Release|Any CPU.Build.0 = Release|Any CPU
		{B002578A-1DBA-4EB9-848D-5A93E4A68A8D}.Debug|Any CPU.ActiveCfg = Debug|Any CPU
		{B002578A-1DBA-4EB9-848D-5A93E4A68A8D}.Debug|Any CPU.Build.0 = Debug|Any CPU
		{B002578A-1DBA-4EB9-848D-5A93E4A68A8D}.Release|Any CPU.ActiveCfg = Release|Any CPU
		{B002578A-1DBA-4EB9-848D-5A93E4A68A8D}.Release|Any CPU.Build.0 = Release|Any CPU
		{226E6F9B-DDCA-49AC-BB29-73DEBE7CC300}.Debug|Any CPU.ActiveCfg = Debug|Any CPU
		{226E6F9B-DDCA-49AC-BB29-73DEBE7CC300}.Debug|Any CPU.Build.0 = Debug|Any CPU
		{226E6F9B-DDCA-49AC-BB29-73DEBE7CC300}.Release|Any CPU.ActiveCfg = Release|Any CPU
		{226E6F9B-DDCA-49AC-BB29-73DEBE7CC300}.Release|Any CPU.Build.0 = Release|Any CPU
	EndGlobalSection
	GlobalSection(SolutionProperties) = preSolution
		HideSolutionNode = FALSE
	EndGlobalSection
	GlobalSection(ExtensibilityGlobals) = postSolution
		SolutionGuid = {392B20A5-A55E-454C-A75C-1D1FAC3BC27A}
	EndGlobalSection
EndGlobal
